{
  "name": "polygraph",
  "version": "2.0.0",
  "lockfileVersion": 3,
  "requires": true,
  "packages": {
    "": {
      "name": "polygraph",
      "version": "2.0.0",
      "license": "Apache-2.0",
      "dependencies": {
        "@cognitive-fab/sam-pattern": "^2.0.0",
        "acorn": "^8.17.0"
      },
      "bin": {
        "polygen": "scripts/polygen.mjs",
        "polygraph": "scripts/verify.mjs"
      },
      "devDependencies": {
        "@cognitive-fab/sam-fsm": "^2.0.0"
      },
      "engines": {
        "node": ">=20"
      }
    },
    "node_modules/@cognitive-fab/sam-fsm": {
      "version": "2.0.0",
      "resolved": "https://registry.npmjs.org/@cognitive-fab/sam-fsm/-/sam-fsm-2.0.0.tgz",
      "integrity": "sha512-phdSFEmxLeQe597rQnFYp+0ZSrN6a/xg12JIg5is1yPMYKbrGGph+n1VOKzVLF7icL9GE2stammQmTxobho9Ug==",
      "dev": true,
      "license": "ISC"
    },
    "node_modules/@cognitive-fab/sam-pattern": {
      "version": "2.0.0",
      "resolved": "https://registry.npmjs.org/@cognitive-fab/sam-pattern/-/sam-pattern-2.0.0.tgz",
      "integrity": "sha512-hHN8UijsuVDKv4jLB48+NPzZzBY8B9m8PtCZNQslHuJNrR/4f+pYkq4S4uQEZPZOPzIjBukm0JbYftUzVS2WWA==",
      "license": "ISC"
    },
    "node_modules/acorn": {
      "version": "8.17.0",
      "resolved": "https://registry.npmjs.org/acorn/-/acorn-8.17.0.tgz",
      "integrity": "sha512-xRQbDb9BnwDafYNn6Vwl839DYVjqXYb1XVGtWAZ1kcDc6iwAL4hg3B1dZlRiuENFeO2H53gFG3in621AdERVAg==",
      "license": "MIT",
      "bin": {
        "acorn": "bin/acorn"
      },
      "engines": {
        "node": ">=0.4.0"
      }
    }
  }
}
